# This file is automatically @generated by Cargo.
# It is not intended for manual editing.
version = 4

[[package]]
name = "my-cli"
version = "0.0.0"
dependencies = [
 "my-core",
 "my-net",
]

[[package]]
name = "my-core"
version = "0.0.0"

[[package]]
name = "my-net"
version = "0.0.0"
dependencies = [
 "my-core",
]
